<?xml version="1.0" encoding="UTF-8"?>
<CONFIG>
  <ProjectOptions>
    <Version Value="9"/>
    <PathDelim Value="\"/>
    <General>
      <Flags>
        <MainUnitHasCreateFormStatements Value="False"/>
        <MainUnitHasTitleStatement Value="False"/>
      </Flags>
      <SessionStorage Value="InProjectDir"/>
      <MainUnit Value="0"/>
      <Title Value="Christmass tree of Hanoi"/>
      <UseAppBundle Value="False"/>
      <ResourceType Value="res"/>
    </General>
    <i18n>
      <EnableI18N LFM="False"/>
    </i18n>
    <VersionInfo>
      <UseVersionInfo Value="True"/>
      <AutoIncrementBuild Value="True"/>
      <RevisionNr Value="1"/>
      <BuildNr Value="1"/>
      <StringTable ProductVersion=""/>
    </VersionInfo>
    <BuildModes Count="1">
      <Item1 Name="Default" Default="True"/>
    </BuildModes>
    <PublishOptions>
      <Version Value="2"/>
    </PublishOptions>
    <RunParams>
      <local>
        <FormatVersion Value="1"/>
      </local>
    </RunParams>
    <Units Count="5">
      <Unit0>
        <Filename Value="hanoiTree.lpr"/>
        <IsPartOfProject Value="True"/>
        <UnitName Value="hanoiTree"/>
      </Unit0>
      <Unit1>
        <Filename Value="k_music.pas"/>
        <IsPartOfProject Value="True"/>
        <UnitName Value="k_music"/>
      </Unit1>
      <Unit2>
        <Filename Value="k_view.pas"/>
        <IsPartOfProject Value="True"/>
        <UnitName Value="k_view"/>
      </Unit2>
      <Unit3>
        <Filename Value="k_model.pas"/>
        <IsPartOfProject Value="True"/>
        <UnitName Value="k_model"/>
      </Unit3>
      <Unit4>
        <Filename Value="k_controler.pas"/>
        <IsPartOfProject Value="True"/>
        <UnitName Value="k_controler"/>
      </Unit4>
    </Units>
  </ProjectOptions>
  <CompilerOptions>
    <Version Value="11"/>
    <PathDelim Value="\"/>
    <Target>
      <Filename Value="hanoiTree"/>
    </Target>
    <SearchPaths>
      <IncludeFiles Value="$(ProjOutDir)"/>
      <UnitOutputDirectory Value="lib\$(TargetCPU)-$(TargetOS)"/>
    </SearchPaths>
    <Other>
      <CompilerMessages>
        <MsgFileName Value=""/>
      </CompilerMessages>
      <CompilerPath Value="$(CompPath)"/>
    </Other>
  </CompilerOptions>
  <Debugging>
    <Exceptions Count="3">
      <Item1>
        <Name Value="EAbort"/>
      </Item1>
      <Item2>
        <Name Value="ECodetoolError"/>
      </Item2>
      <Item3>
        <Name Value="EFOpenError"/>
      </Item3>
    </Exceptions>
  </Debugging>
</CONFIG>
